{
  "name": "liquid-clicker",
  "version": "1.0.0",
  "lockfileVersion": 1,
  "requires": true,
  "dependencies": {
    "convergejs": {
      "version": "4.8.10",
      "resolved": "https://registry.npmjs.org/convergejs/-/convergejs-4.8.10.tgz",
      "integrity": "sha512-NxtlxLclATwJTZnPgFEMN9kPRtUbyt+KpN2Eyc1Dt9X9aSuVoPigg4e6qH+HJDWgeV5uRMBdYzoyBeGFUJ9gug=="
    }
  }
}
